
Microsoft Visual Studio Solution File, Format Version 12.00
# Visual Studio Version 16
VisualStudioVersion = 16.0.30330.147
MinimumVisualStudioVersion = 10.0.40219.1
Project("{9A19103F-16F7-4668-BE54-9A1E7A4F7556}") = "FornavnEfternavn.WpfIntro", "FornavnEfternavn.WpfIntro.csproj", "{F72FE1FB-C382-4E39-9CB6-F63CC49807CD}"
EndProject
Project("{9A19103F-16F7-4668-BE54-9A1E7A4F7556}") = "FornavEfternavn.WpfIntro2", "..\FornavEfternavn.WpfIntro2\FornavEfternavn.WpfIntro2.csproj", "{96205052-0A91-4B13-9FC8-836FB08D2378}"
EndProject
Project("{FAE04EC0-301F-11D3-BF4B-00C04F79EFBC}") = "FornavnEfternavn.Canvas og billeder", "..\FornavnEfternavn.Canvas og billeder\FornavnEfternavn.Canvas og billeder.csproj", "{994C1780-0492-495F-9826-6311A7BCC0C2}"
EndProject
Global
	GlobalSection(SolutionConfigurationPlatforms) = preSolution
		Debug|Any CPU = Debug|Any CPU
		Release|Any CPU = Release|Any CPU
	EndGlobalSection
	GlobalSection(ProjectConfigurationPlatforms) = postSolution
		{F72FE1FB-C382-4E39-9CB6-F63CC49807CD}.Debug|Any CPU.ActiveCfg = Debug|Any CPU
		{F72FE1FB-C382-4E39-9CB6-F63CC49807CD}.Debug|Any CPU.Build.0 = Debug|Any CPU
		{F72FE1FB-C382-4E39-9CB6-F63CC49807CD}.Release|Any CPU.ActiveCfg = Release|Any CPU
		{F72FE1FB-C382-4E39-9CB6-F63CC49807CD}.Release|Any CPU.Build.0 = Release|Any CPU
		{96205052-0A91-4B13-9FC8-836FB08D2378}.Debug|Any CPU.ActiveCfg = Debug|Any CPU
		{96205052-0A91-4B13-9FC8-836FB08D2378}.Debug|Any CPU.Build.0 = Debug|Any CPU
		{96205052-0A91-4B13-9FC8-836FB08D2378}.Release|Any CPU.ActiveCfg = Release|Any CPU
		{96205052-0A91-4B13-9FC8-836FB08D2378}.Release|Any CPU.Build.0 = Release|Any CPU
		{994C1780-0492-495F-9826-6311A7BCC0C2}.Debug|Any CPU.ActiveCfg = Debug|Any CPU
		{994C1780-0492-495F-9826-6311A7BCC0C2}.Debug|Any CPU.Build.0 = Debug|Any CPU
		{994C1780-0492-495F-9826-6311A7BCC0C2}.Release|Any CPU.ActiveCfg = Release|Any CPU
		{994C1780-0492-495F-9826-6311A7BCC0C2}.Release|Any CPU.Build.0 = Release|Any CPU
	EndGlobalSection
	GlobalSection(SolutionProperties) = preSolution
		HideSolutionNode = FALSE
	EndGlobalSection
	GlobalSection(ExtensibilityGlobals) = postSolution
		SolutionGuid = {715C4987-046B-443C-9CC7-7D63F5059018}
	EndGlobalSection
EndGlobal
